# This file is automatically @generated by Poetry 1.8.3 and should not be changed by hand.

[[package]]
name = "peewee"
version = "3.17.6"
description = "a little orm"
optional = false
python-versions = "*"
files = [
    {file = "peewee-3.17.6.tar.gz", hash = "sha256:cea5592c6f4da1592b7cff8eaf655be6648a1f5857469e30037bf920c03fb8fb"},
]

[[package]]
name = "pymysql"
version = "1.1.1"
description = "Pure Python MySQL Driver"
optional = false
python-versions = ">=3.7"
files = [
    {file = "PyMySQL-1.1.1-py3-none-any.whl", hash = "sha256:4de15da4c61dc132f4fb9ab763063e693d521a80fd0e87943b9a453dd4c19d6c"},
    {file = "pymysql-1.1.1.tar.gz", hash = "sha256:e127611aaf2b417403c60bf4dc570124aeb4a57f5f37b8e95ae399a42f904cd0"},
]

[package.extras]
ed25519 = ["PyNaCl (>=1.4.0)"]
rsa = ["cryptography"]

[metadata]
lock-version = "2.0"
python-versions = ">=3.7"
content-hash = "15034a08f5fecbacd6ad6e89b3d3d77de2a8da5bdfaa033cd59094984759032d"
