# This file is automatically @generated by Poetry 1.8.3 and should not be changed by hand.

[[package]]
name = "peewee"
version = "3.17.5"
description = "a little orm"
optional = false
python-versions = "*"
files = [
    {file = "peewee-3.17.5.tar.gz", hash = "sha256:e1b6a64192207fd3ddb4e1188054820f42aef0aadfa749e3981af3c119a76420"},
]

[[package]]
name = "pymysql"
version = "1.1.1"
description = "Pure Python MySQL Driver"
optional = false
python-versions = ">=3.7"
files = [
    {file = "PyMySQL-1.1.1-py3-none-any.whl", hash = "sha256:4de15da4c61dc132f4fb9ab763063e693d521a80fd0e87943b9a453dd4c19d6c"},
    {file = "pymysql-1.1.1.tar.gz", hash = "sha256:e127611aaf2b417403c60bf4dc570124aeb4a57f5f37b8e95ae399a42f904cd0"},
]

[package.extras]
ed25519 = ["PyNaCl (>=1.4.0)"]
rsa = ["cryptography"]

[metadata]
lock-version = "2.0"
python-versions = ">=3.6, >=3.7, >=3.8, >=3.9, >=3.10, >=3.11, >=3.12"
content-hash = "05ac0b14624eac3624c7d6860ee8ca62ded309bd72c933a2b536d9279bbf9a20"
